
Microsoft Visual Studio Solution File, Format Version 12.00
# Visual Studio Version 17
VisualStudioVersion = 17.11.35303.130
MinimumVisualStudioVersion = 10.0.40219.1
Project("{FAE04EC0-301F-11D3-BF4B-00C04F79EFBC}") = "Enkel miniräknare", "Enkel miniräknare.csproj", "{F9A695AD-A725-44D6-A5A8-7781070F15DD}"
EndProject
Global
	GlobalSection(SolutionConfigurationPlatforms) = preSolution
		Debug|Any CPU = Debug|Any CPU
		Release|Any CPU = Release|Any CPU
	EndGlobalSection
	GlobalSection(ProjectConfigurationPlatforms) = postSolution
		{F9A695AD-A725-44D6-A5A8-7781070F15DD}.Debug|Any CPU.ActiveCfg = Debug|Any CPU
		{F9A695AD-A725-44D6-A5A8-7781070F15DD}.Debug|Any CPU.Build.0 = Debug|Any CPU
		{F9A695AD-A725-44D6-A5A8-7781070F15DD}.Release|Any CPU.ActiveCfg = Release|Any CPU
		{F9A695AD-A725-44D6-A5A8-7781070F15DD}.Release|Any CPU.Build.0 = Release|Any CPU
	EndGlobalSection
	GlobalSection(SolutionProperties) = preSolution
		HideSolutionNode = FALSE
	EndGlobalSection
	GlobalSection(ExtensibilityGlobals) = postSolution
		SolutionGuid = {A2A9D0F3-D1D1-438B-B395-89A67A3524EB}
	EndGlobalSection
EndGlobal
